
Microsoft Visual Studio Solution File, Format Version 12.00
# Visual Studio Version 17
VisualStudioVersion = 17.12.35527.113
MinimumVisualStudioVersion = 10.0.40219.1
Project("{FAE04EC0-301F-11D3-BF4B-00C04F79EFBC}") = "Common", "Common\Common.csproj", "{154B388D-201B-4653-9F89-9978928FB81D}"
EndProject
Project("{FAE04EC0-301F-11D3-BF4B-00C04F79EFBC}") = "Data", "Data\Data.csproj", "{32840B3E-100A-4DB4-8A66-29DBF1711194}"
EndProject
Project("{FAE04EC0-301F-11D3-BF4B-00C04F79EFBC}") = "Business", "Business\Business.csproj", "{E4662FE8-6B3D-492D-B8A1-E67715286F3A}"
EndProject
Project("{FAE04EC0-301F-11D3-BF4B-00C04F79EFBC}") = "Presentation", "Presentation\Presentation.csproj", "{C043DAEF-27A1-44F6-A118-53B8FCF59D45}"
EndProject
Global
	GlobalSection(SolutionConfigurationPlatforms) = preSolution
		Debug|Any CPU = Debug|Any CPU
		Release|Any CPU = Release|Any CPU
	EndGlobalSection
	GlobalSection(ProjectConfigurationPlatforms) = postSolution
		{154B388D-201B-4653-9F89-9978928FB81D}.Debug|Any CPU.ActiveCfg = Debug|Any CPU
		{154B388D-201B-4653-9F89-9978928FB81D}.Debug|Any CPU.Build.0 = Debug|Any CPU
		{154B388D-201B-4653-9F89-9978928FB81D}.Release|Any CPU.ActiveCfg = Release|Any CPU
		{154B388D-201B-4653-9F89-9978928FB81D}.Release|Any CPU.Build.0 = Release|Any CPU
		{32840B3E-100A-4DB4-8A66-29DBF1711194}.Debug|Any CPU.ActiveCfg = Debug|Any CPU
		{32840B3E-100A-4DB4-8A66-29DBF1711194}.Debug|Any CPU.Build.0 = Debug|Any CPU
		{32840B3E-100A-4DB4-8A66-29DBF1711194}.Release|Any CPU.ActiveCfg = Release|Any CPU
		{32840B3E-100A-4DB4-8A66-29DBF1711194}.Release|Any CPU.Build.0 = Release|Any CPU
		{E4662FE8-6B3D-492D-B8A1-E67715286F3A}.Debug|Any CPU.ActiveCfg = Debug|Any CPU
		{E4662FE8-6B3D-492D-B8A1-E67715286F3A}.Debug|Any CPU.Build.0 = Debug|Any CPU
		{E4662FE8-6B3D-492D-B8A1-E67715286F3A}.Release|Any CPU.ActiveCfg = Release|Any CPU
		{E4662FE8-6B3D-492D-B8A1-E67715286F3A}.Release|Any CPU.Build.0 = Release|Any CPU
		{C043DAEF-27A1-44F6-A118-53B8FCF59D45}.Debug|Any CPU.ActiveCfg = Debug|Any CPU
		{C043DAEF-27A1-44F6-A118-53B8FCF59D45}.Debug|Any CPU.Build.0 = Debug|Any CPU
		{C043DAEF-27A1-44F6-A118-53B8FCF59D45}.Release|Any CPU.ActiveCfg = Release|Any CPU
		{C043DAEF-27A1-44F6-A118-53B8FCF59D45}.Release|Any CPU.Build.0 = Release|Any CPU
	EndGlobalSection
	GlobalSection(SolutionProperties) = preSolution
		HideSolutionNode = FALSE
	EndGlobalSection
EndGlobal
